
Microsoft Visual Studio Solution File, Format Version 12.00
# Visual Studio Version 16
VisualStudioVersion = 16.0.30128.74
MinimumVisualStudioVersion = 10.0.40219.1
Project("{FAE04EC0-301F-11D3-BF4B-00C04F79EFBC}") = "os2", "os2\os2.csproj", "{BAE032B2-7287-49EE-BE91-CE6C8C0803C5}"
EndProject
Global
	GlobalSection(SolutionConfigurationPlatforms) = preSolution
		Debug|Any CPU = Debug|Any CPU
		Release|Any CPU = Release|Any CPU
	EndGlobalSection
	GlobalSection(ProjectConfigurationPlatforms) = postSolution
		{BAE032B2-7287-49EE-BE91-CE6C8C0803C5}.Debug|Any CPU.ActiveCfg = Debug|Any CPU
		{BAE032B2-7287-49EE-BE91-CE6C8C0803C5}.Debug|Any CPU.Build.0 = Debug|Any CPU
		{BAE032B2-7287-49EE-BE91-CE6C8C0803C5}.Release|Any CPU.ActiveCfg = Release|Any CPU
		{BAE032B2-7287-49EE-BE91-CE6C8C0803C5}.Release|Any CPU.Build.0 = Release|Any CPU
	EndGlobalSection
	GlobalSection(SolutionProperties) = preSolution
		HideSolutionNode = FALSE
	EndGlobalSection
	GlobalSection(ExtensibilityGlobals) = postSolution
		SolutionGuid = {AB278D98-55C3-4660-A357-AED6CCACDDE3}
	EndGlobalSection
EndGlobal
